
Microsoft Visual Studio Solution File, Format Version 12.00
# Visual Studio Version 17
VisualStudioVersion = 17.8.34408.163
MinimumVisualStudioVersion = 10.0.40219.1
Project("{8BC9CEB8-8B4A-11D0-8D11-00A0C91BC942}") = "Dismantler", "Dismantler\Dismantler.vcxproj", "{F349850F-2048-4515-A2E6-C600266ADA12}"
EndProject
Project("{8BC9CEB8-8B4A-11D0-8D11-00A0C91BC942}") = "Architect", "Architect\Architect.vcxproj", "{06C0D1BC-D2AB-49CF-BAEE-AC2DC1D352A3}"
EndProject
Project("{FAE04EC0-301F-11D3-BF4B-00C04F79EFBC}") = "Sabre", "Sabre\Sabre.csproj", "{45A2A26B-67C1-415E-9EAE-3F3EFACA3BCD}"
EndProject
Project("{8BC9CEB8-8B4A-11D0-8D11-00A0C91BC942}") = "Disassemblable", "Disassemblable\Disassemblable.vcxproj", "{EAEB0112-613C-46AC-981D-6B8359554AB1}"
EndProject
Global
	GlobalSection(SolutionConfigurationPlatforms) = preSolution
		Debug|Any CPU = Debug|Any CPU
		Debug|arm64 = Debug|arm64
		Debug|x64 = Debug|x64
		Debug|x86 = Debug|x86
		Release|Any CPU = Release|Any CPU
		Release|arm64 = Release|arm64
		Release|x64 = Release|x64
		Release|x86 = Release|x86
	EndGlobalSection
	GlobalSection(ProjectConfigurationPlatforms) = postSolution
		{F349850F-2048-4515-A2E6-C600266ADA12}.Debug|Any CPU.ActiveCfg = Debug|x64
		{F349850F-2048-4515-A2E6-C600266ADA12}.Debug|Any CPU.Build.0 = Debug|x64
		{F349850F-2048-4515-A2E6-C600266ADA12}.Debug|arm64.ActiveCfg = Debug|x64
		{F349850F-2048-4515-A2E6-C600266ADA12}.Debug|arm64.Build.0 = Debug|x64
		{F349850F-2048-4515-A2E6-C600266ADA12}.Debug|x64.ActiveCfg = Debug|x64
		{F349850F-2048-4515-A2E6-C600266ADA12}.Debug|x64.Build.0 = Debug|x64
		{F349850F-2048-4515-A2E6-C600266ADA12}.Debug|x86.ActiveCfg = Debug|Win32
		{F349850F-2048-4515-A2E6-C600266ADA12}.Debug|x86.Build.0 = Debug|Win32
		{F349850F-2048-4515-A2E6-C600266ADA12}.Release|Any CPU.ActiveCfg = Release|x64
		{F349850F-2048-4515-A2E6-C600266ADA12}.Release|Any CPU.Build.0 = Release|x64
		{F349850F-2048-4515-A2E6-C600266ADA12}.Release|arm64.ActiveCfg = Release|x64
		{F349850F-2048-4515-A2E6-C600266ADA12}.Release|arm64.Build.0 = Release|x64
		{F349850F-2048-4515-A2E6-C600266ADA12}.Release|x64.ActiveCfg = Release|x64
		{F349850F-2048-4515-A2E6-C600266ADA12}.Release|x64.Build.0 = Release|x64
		{F349850F-2048-4515-A2E6-C600266ADA12}.Release|x86.ActiveCfg = Release|Win32
		{F349850F-2048-4515-A2E6-C600266ADA12}.Release|x86.Build.0 = Release|Win32
		{06C0D1BC-D2AB-49CF-BAEE-AC2DC1D352A3}.Debug|Any CPU.ActiveCfg = Debug|x64
		{06C0D1BC-D2AB-49CF-BAEE-AC2DC1D352A3}.Debug|Any CPU.Build.0 = Debug|x64
		{06C0D1BC-D2AB-49CF-BAEE-AC2DC1D352A3}.Debug|arm64.ActiveCfg = Debug|x64
		{06C0D1BC-D2AB-49CF-BAEE-AC2DC1D352A3}.Debug|arm64.Build.0 = Debug|x64
		{06C0D1BC-D2AB-49CF-BAEE-AC2DC1D352A3}.Debug|x64.ActiveCfg = Debug|x64
		{06C0D1BC-D2AB-49CF-BAEE-AC2DC1D352A3}.Debug|x64.Build.0 = Debug|x64
		{06C0D1BC-D2AB-49CF-BAEE-AC2DC1D352A3}.Debug|x86.ActiveCfg = Debug|Win32
		{06C0D1BC-D2AB-49CF-BAEE-AC2DC1D352A3}.Debug|x86.Build.0 = Debug|Win32
		{06C0D1BC-D2AB-49CF-BAEE-AC2DC1D352A3}.Release|Any CPU.ActiveCfg = Release|x64
		{06C0D1BC-D2AB-49CF-BAEE-AC2DC1D352A3}.Release|Any CPU.Build.0 = Release|x64
		{06C0D1BC-D2AB-49CF-BAEE-AC2DC1D352A3}.Release|arm64.ActiveCfg = Release|x64
		{06C0D1BC-D2AB-49CF-BAEE-AC2DC1D352A3}.Release|arm64.Build.0 = Release|x64
		{06C0D1BC-D2AB-49CF-BAEE-AC2DC1D352A3}.Release|x64.ActiveCfg = Release|x64
		{06C0D1BC-D2AB-49CF-BAEE-AC2DC1D352A3}.Release|x64.Build.0 = Release|x64
		{06C0D1BC-D2AB-49CF-BAEE-AC2DC1D352A3}.Release|x86.ActiveCfg = Release|Win32
		{06C0D1BC-D2AB-49CF-BAEE-AC2DC1D352A3}.Release|x86.Build.0 = Release|Win32
		{45A2A26B-67C1-415E-9EAE-3F3EFACA3BCD}.Debug|Any CPU.ActiveCfg = Debug|Any CPU
		{45A2A26B-67C1-415E-9EAE-3F3EFACA3BCD}.Debug|Any CPU.Build.0 = Debug|Any CPU
		{45A2A26B-67C1-415E-9EAE-3F3EFACA3BCD}.Debug|arm64.ActiveCfg = Debug|arm64
		{45A2A26B-67C1-415E-9EAE-3F3EFACA3BCD}.Debug|arm64.Build.0 = Debug|arm64
		{45A2A26B-67C1-415E-9EAE-3F3EFACA3BCD}.Debug|x64.ActiveCfg = Debug|Any CPU
		{45A2A26B-67C1-415E-9EAE-3F3EFACA3BCD}.Debug|x64.Build.0 = Debug|Any CPU
		{45A2A26B-67C1-415E-9EAE-3F3EFACA3BCD}.Debug|x86.ActiveCfg = Debug|x86
		{45A2A26B-67C1-415E-9EAE-3F3EFACA3BCD}.Debug|x86.Build.0 = Debug|x86
		{45A2A26B-67C1-415E-9EAE-3F3EFACA3BCD}.Release|Any CPU.ActiveCfg = Release|Any CPU
		{45A2A26B-67C1-415E-9EAE-3F3EFACA3BCD}.Release|Any CPU.Build.0 = Release|Any CPU
		{45A2A26B-67C1-415E-9EAE-3F3EFACA3BCD}.Release|arm64.ActiveCfg = Release|arm64
		{45A2A26B-67C1-415E-9EAE-3F3EFACA3BCD}.Release|arm64.Build.0 = Release|arm64
		{45A2A26B-67C1-415E-9EAE-3F3EFACA3BCD}.Release|x64.ActiveCfg = Release|Any CPU
		{45A2A26B-67C1-415E-9EAE-3F3EFACA3BCD}.Release|x64.Build.0 = Release|Any CPU
		{45A2A26B-67C1-415E-9EAE-3F3EFACA3BCD}.Release|x86.ActiveCfg = Release|x86
		{45A2A26B-67C1-415E-9EAE-3F3EFACA3BCD}.Release|x86.Build.0 = Release|x86
		{EAEB0112-613C-46AC-981D-6B8359554AB1}.Debug|Any CPU.ActiveCfg = Debug|x64
		{EAEB0112-613C-46AC-981D-6B8359554AB1}.Debug|Any CPU.Build.0 = Debug|x64
		{EAEB0112-613C-46AC-981D-6B8359554AB1}.Debug|arm64.ActiveCfg = Debug|x64
		{EAEB0112-613C-46AC-981D-6B8359554AB1}.Debug|arm64.Build.0 = Debug|x64
		{EAEB0112-613C-46AC-981D-6B8359554AB1}.Debug|x64.ActiveCfg = Debug|x64
		{EAEB0112-613C-46AC-981D-6B8359554AB1}.Debug|x64.Build.0 = Debug|x64
		{EAEB0112-613C-46AC-981D-6B8359554AB1}.Debug|x86.ActiveCfg = Debug|Win32
		{EAEB0112-613C-46AC-981D-6B8359554AB1}.Debug|x86.Build.0 = Debug|Win32
		{EAEB0112-613C-46AC-981D-6B8359554AB1}.Release|Any CPU.ActiveCfg = Release|x64
		{EAEB0112-613C-46AC-981D-6B8359554AB1}.Release|Any CPU.Build.0 = Release|x64
		{EAEB0112-613C-46AC-981D-6B8359554AB1}.Release|arm64.ActiveCfg = Release|x64
		{EAEB0112-613C-46AC-981D-6B8359554AB1}.Release|arm64.Build.0 = Release|x64
		{EAEB0112-613C-46AC-981D-6B8359554AB1}.Release|x64.ActiveCfg = Release|x64
		{EAEB0112-613C-46AC-981D-6B8359554AB1}.Release|x64.Build.0 = Release|x64
		{EAEB0112-613C-46AC-981D-6B8359554AB1}.Release|x86.ActiveCfg = Release|Win32
		{EAEB0112-613C-46AC-981D-6B8359554AB1}.Release|x86.Build.0 = Release|Win32
	EndGlobalSection
	GlobalSection(SolutionProperties) = preSolution
		HideSolutionNode = FALSE
	EndGlobalSection
	GlobalSection(ExtensibilityGlobals) = postSolution
		SolutionGuid = {1F1887D9-A6DD-4228-8BB2-1D3DFB07380A}
	EndGlobalSection
EndGlobal
